
Microsoft Visual Studio Solution File, Format Version 12.00
# Visual Studio Version 17
VisualStudioVersion = 17.11.35219.272
MinimumVisualStudioVersion = 10.0.40219.1
Project("{2150E333-8FDC-42A3-9474-1A3956D46DE8}") = "Services", "Services", "{0144C97E-B8E6-4BBF-869C-B898069FC546}"
EndProject
Project("{2150E333-8FDC-42A3-9474-1A3956D46DE8}") = "Catalog", "Catalog", "{83655426-E4E1-4C8F-8DF0-88B2CF8223DD}"
EndProject
Project("{FAE04EC0-301F-11D3-BF4B-00C04F79EFBC}") = "WebProject.Catalog", "Services\Catalog\WebProject.Catalog\WebProject.Catalog.csproj", "{935DE515-A24F-47AE-82AE-9316A3E72263}"
EndProject
Global
	GlobalSection(SolutionConfigurationPlatforms) = preSolution
		Debug|Any CPU = Debug|Any CPU
		Release|Any CPU = Release|Any CPU
	EndGlobalSection
	GlobalSection(ProjectConfigurationPlatforms) = postSolution
		{935DE515-A24F-47AE-82AE-9316A3E72263}.Debug|Any CPU.ActiveCfg = Debug|Any CPU
		{935DE515-A24F-47AE-82AE-9316A3E72263}.Debug|Any CPU.Build.0 = Debug|Any CPU
		{935DE515-A24F-47AE-82AE-9316A3E72263}.Release|Any CPU.ActiveCfg = Release|Any CPU
		{935DE515-A24F-47AE-82AE-9316A3E72263}.Release|Any CPU.Build.0 = Release|Any CPU
	EndGlobalSection
	GlobalSection(SolutionProperties) = preSolution
		HideSolutionNode = FALSE
	EndGlobalSection
	GlobalSection(NestedProjects) = preSolution
		{83655426-E4E1-4C8F-8DF0-88B2CF8223DD} = {0144C97E-B8E6-4BBF-869C-B898069FC546}
		{935DE515-A24F-47AE-82AE-9316A3E72263} = {83655426-E4E1-4C8F-8DF0-88B2CF8223DD}
	EndGlobalSection
	GlobalSection(ExtensibilityGlobals) = postSolution
		SolutionGuid = {E750064F-9DA5-4976-A7B1-2357458FEA26}
	EndGlobalSection
EndGlobal
